
Microsoft Visual Studio Solution File, Format Version 12.00
# Visual Studio Version 16
VisualStudioVersion = 16.0.32602.291
MinimumVisualStudioVersion = 10.0.40219.1
Project("{8BC9CEB8-8B4A-11D0-8D11-00A0C91BC942}") = "OpenCVtest", "OpenCVtest.vcxproj", "{C2936E72-C974-4A36-BE26-19272EE12656}"
EndProject
Project("{8BC9CEB8-8B4A-11D0-8D11-00A0C91BC942}") = "02_图像膨胀", "02_图像膨胀\02_图像膨胀.vcxproj", "{C951058B-AF2B-442E-8545-9F19B7F52572}"
EndProject
Project("{8BC9CEB8-8B4A-11D0-8D11-00A0C91BC942}") = "04_blur均值滤波图像模糊", "04_blur图像模糊\04_blur图像模糊.vcxproj", "{A4EA4F37-8045-4075-AE5B-47AAD249302C}"
EndProject
Project("{8BC9CEB8-8B4A-11D0-8D11-00A0C91BC942}") = "05_canny边缘检测", "05_canny边缘检测\05_canny边缘检测.vcxproj", "{F1167899-7263-43B4-9DCD-EF8D45996D05}"
EndProject
Project("{8BC9CEB8-8B4A-11D0-8D11-00A0C91BC942}") = "06_播放视频", "06_播放视频\06_播放视频.vcxproj", "{72190238-91C0-4DE3-B2EF-3BF1A232BC7D}"
EndProject
Project("{8BC9CEB8-8B4A-11D0-8D11-00A0C91BC942}") = "07_调用摄像头", "07_调用摄像头\07_调用摄像头.vcxproj", "{4138375F-D1BD-4359-92F9-E89F584F0ACA}"
EndProject
Project("{8BC9CEB8-8B4A-11D0-8D11-00A0C91BC942}") = "08_彩色目标跟踪", "08_彩色目标跟踪\08_彩色目标跟踪.vcxproj", "{5D9A8749-2D28-485A-8812-DA43B5F7930B}"
EndProject
Project("{8BC9CEB8-8B4A-11D0-8D11-00A0C91BC942}") = "09_光流法目标跟踪", "09_光流法目标跟踪\09_光流法目标跟踪.vcxproj", "{76AB54F8-53CD-422C-93DB-F36F568574A8}"
EndProject
Project("{8BC9CEB8-8B4A-11D0-8D11-00A0C91BC942}") = "01_跟踪的特征角点", "01_跟踪的特征点\01_跟踪的特征点.vcxproj", "{D1B0F53B-AB2F-4B00-A37F-B8CB0A57D7BC}"
EndProject
Project("{8BC9CEB8-8B4A-11D0-8D11-00A0C91BC942}") = "11_人脸识别", "11_人脸识别\11_人脸识别.vcxproj", "{D798173B-7DD0-4E86-89E8-85653360121A}"
EndProject
Project("{8BC9CEB8-8B4A-11D0-8D11-00A0C91BC942}") = "15_imwrite生成透明png图像", "15_imwrite生成透明png图像\15_imwrite生成透明png图像.vcxproj", "{5A710107-D83F-4311-AB41-A39E799997D5}"
EndProject
Project("{8BC9CEB8-8B4A-11D0-8D11-00A0C91BC942}") = "16_图像叠加混合", "16_图像叠加混合\16_图像叠加混合.vcxproj", "{6FE18CDE-53E5-4DEC-91BF-6017C547A129}"
EndProject
Project("{8BC9CEB8-8B4A-11D0-8D11-00A0C91BC942}") = "26_多通道图像混合", "26_多通道图像混合\26_多通道图像混合.vcxproj", "{37DF82F8-361B-4C59-A8D7-BD2D500EE99D}"
EndProject
Project("{8BC9CEB8-8B4A-11D0-8D11-00A0C91BC942}") = "28_离散傅里叶变换", "28_离散傅里叶变换\28_离散傅里叶变换.vcxproj", "{13ED1F04-E207-4CDA-AC20-F00A55BCD0E6}"
EndProject
Project("{8BC9CEB8-8B4A-11D0-8D11-00A0C91BC942}") = "31_方框滤波", "31_方框滤波\31_方框滤波.vcxproj", "{F14B0850-9034-4973-8C5B-08E743268D3E}"
EndProject
Project("{8BC9CEB8-8B4A-11D0-8D11-00A0C91BC942}") = "10_滑动条", "10_滑动条\10_滑动条.vcxproj", "{2D24A4A2-017F-4B45-AAAA-96DD7ADE2FE2}"
EndProject
Project("{8BC9CEB8-8B4A-11D0-8D11-00A0C91BC942}") = "33_高斯滤波", "33_高斯模糊\33_高斯模糊.vcxproj", "{19B3F9DD-4989-478F-9B82-5D7EB5E01A92}"
EndProject
Project("{8BC9CEB8-8B4A-11D0-8D11-00A0C91BC942}") = "35_中值滤波", "35_中值滤波\35_中值滤波.vcxproj", "{36B7C3F2-EBF7-46F8-B3B0-3E56D9C4DE8E}"
EndProject
Project("{8BC9CEB8-8B4A-11D0-8D11-00A0C91BC942}") = "36_双边滤波", "36_双边滤波\36_双边滤波.vcxproj", "{CCE984D6-9A4D-4E37-9870-BFE16FA0158F}"
EndProject
Project("{8BC9CEB8-8B4A-11D0-8D11-00A0C91BC942}") = "40_膨胀腐蚀综合", "40_膨胀腐蚀综合\40_膨胀腐蚀综合.vcxproj", "{04B623EA-6943-48AC-AC2B-8AD276EBC3C2}"
EndProject
Project("{8BC9CEB8-8B4A-11D0-8D11-00A0C91BC942}") = "41_morphologyEx形态学处理", "41_morphologyEx形态学处理\41_morphologyEx形态学处理.vcxproj", "{DB953040-9BB8-4250-837B-DF28B9ECC5B6}"
EndProject
Project("{8BC9CEB8-8B4A-11D0-8D11-00A0C91BC942}") = "49_漫水填充", "49_漫水填充\49_漫水填充.vcxproj", "{2E3DF356-0F56-4B32-B911-C96CE2D61F18}"
EndProject
Project("{8BC9CEB8-8B4A-11D0-8D11-00A0C91BC942}") = "55_阈值操作", "55_阈值操作\55_阈值操作.vcxproj", "{5DC36F73-F944-4C96-BCE4-AC09792F04C8}"
EndProject
Project("{8BC9CEB8-8B4A-11D0-8D11-00A0C91BC942}") = "03_Sobel梯度", "03_Sobel梯度\03_Sobel梯度.vcxproj", "{F15A1CBD-73A8-4CEA-ACB8-899A2025AACE}"
EndProject
Project("{8BC9CEB8-8B4A-11D0-8D11-00A0C91BC942}") = "58_拉普拉斯算子", "58_拉普拉斯算子\58_拉普拉斯算子.vcxproj", "{F3BD8D93-AB21-4D8C-93F6-58F1D9F4914D}"
EndProject
Project("{8BC9CEB8-8B4A-11D0-8D11-00A0C91BC942}") = "59_scharr差分滤波", "59_scharr差分滤波\59_scharr差分滤波.vcxproj", "{2FD586B4-DDD9-4D34-A53D-4FCB3D2F8653}"
EndProject
Project("{8BC9CEB8-8B4A-11D0-8D11-00A0C91BC942}") = "61_HoughLines霍夫线变换", "61_HoughLines霍夫线变换\61_HoughLines霍夫线变换.vcxproj", "{281A2D65-72EC-48DA-8299-4477E12CA044}"
EndProject
Project("{8BC9CEB8-8B4A-11D0-8D11-00A0C91BC942}") = "63_HoughCircles霍夫圆变换", "63_HoughCircles霍夫圆变换\63_HoughCircles霍夫圆变换.vcxproj", "{E5BD8F54-EF93-44B3-BFB5-47538C9D2286}"
EndProject
Project("{8BC9CEB8-8B4A-11D0-8D11-00A0C91BC942}") = "67_warpAffine仿射变换", "67_warpAffine仿射变换\67_warpAffine仿射变换.vcxproj", "{D33181C2-F331-4B7A-937E-6EC9895642A3}"
EndProject
Project("{8BC9CEB8-8B4A-11D0-8D11-00A0C91BC942}") = "68_直方图均衡化", "68_直方图均衡化\68_直方图均衡化.vcxproj", "{54487F81-F4B3-459A-97A6-618F1DC7DEAE}"
EndProject
Project("{8BC9CEB8-8B4A-11D0-8D11-00A0C91BC942}") = "69_轮廓查找", "69_轮廓查找\69_轮廓查找.vcxproj", "{03ECF119-B434-425F-8AB4-57E0C5E37563}"
EndProject
Project("{8BC9CEB8-8B4A-11D0-8D11-00A0C91BC942}") = "71_凸包检测", "71_凸包检测\71_凸包检测.vcxproj", "{E590C991-4753-48B7-B65A-E0059E66215A}"
EndProject
Project("{8BC9CEB8-8B4A-11D0-8D11-00A0C91BC942}") = "73_最小外接矩形边界", "73_包围轮廓矩形边界\73_包围轮廓矩形边界.vcxproj", "{DC551CE9-26C5-4A56-AD2F-E84FF8FCC0CD}"
EndProject
Project("{8BC9CEB8-8B4A-11D0-8D11-00A0C91BC942}") = "79_绘制直方图", "79_绘制直方图\79_绘制直方图.vcxproj", "{D5DA2153-BB42-4006-87F2-6A5AEED1FB56}"
EndProject
Project("{8BC9CEB8-8B4A-11D0-8D11-00A0C91BC942}") = "84_模板匹配", "84_模板匹配\84_模板匹配.vcxproj", "{EE8671C1-C10D-4CA2-AF08-E0E245B99F72}"
EndProject
Project("{8BC9CEB8-8B4A-11D0-8D11-00A0C91BC942}") = "20_高斯背景建模", "20_高斯背景建模\20_高斯背景建模.vcxproj", "{ACED70DF-7530-40F6-91A2-F40B270FC315}"
EndProject
Project("{8BC9CEB8-8B4A-11D0-8D11-00A0C91BC942}") = "85_文档扫描", "85_文档扫描\85_文档扫描.vcxproj", "{BD81522D-6028-4657-B6BA-0E6EAD20BD0D}"
EndProject
Project("{8BC9CEB8-8B4A-11D0-8D11-00A0C91BC942}") = "86_相机校正", "86_相机校正\86_相机校正.vcxproj", "{BDB6B2D6-1FA0-407C-9B88-A4AC5FA21F4A}"
EndProject
Project("{8BC9CEB8-8B4A-11D0-8D11-00A0C91BC942}") = "87_算术逻辑运算", "87_算术逻辑运算\87_算术逻辑运算.vcxproj", "{15B2E597-6755-4DA3-BEFF-91714A240BD8}"
EndProject
Project("{8BC9CEB8-8B4A-11D0-8D11-00A0C91BC942}") = "88_查找相似图片", "88_查找相似图片\88_查找相似图片.vcxproj", "{B32028BE-2803-46B0-A344-876611F29877}"
EndProject
Project("{8BC9CEB8-8B4A-11D0-8D11-00A0C91BC942}") = "30_均值迁移滤波", "30_均值滤波\30_均值滤波.vcxproj", "{BFA3DEE7-6539-4777-A533-827D1597B45C}"
EndProject
Project("{8BC9CEB8-8B4A-11D0-8D11-00A0C91BC942}") = "00_test", "00_test\00_test.vcxproj", "{8C56CAE6-0CC2-4A04-B2CE-79A496F093D7}"
EndProject
Project("{8BC9CEB8-8B4A-11D0-8D11-00A0C91BC942}") = "89_图像增强-锐化", "89_图像增强-锐化\89_图像增强-锐化.vcxproj", "{D166F205-B95A-4566-9040-10B0E1FC8132}"
EndProject
Project("{8BC9CEB8-8B4A-11D0-8D11-00A0C91BC942}") = "90_倒放视频", "90_倒放视频\90_倒放视频.vcxproj", "{BDF99993-E0A2-482C-ADAD-55C98D2BF6BE}"
EndProject
Project("{8BC9CEB8-8B4A-11D0-8D11-00A0C91BC942}") = "91_LUT颜色查找表", "91_LUT颜色查找表\91_LUT颜色查找表.vcxproj", "{90C7AA27-B394-4E19-9AF1-B8C0F4A1B8CE}"
EndProject
Project("{8BC9CEB8-8B4A-11D0-8D11-00A0C91BC942}") = "cube2png", "cube2png\cube2png.vcxproj", "{24CB94E7-E351-4A24-B4B0-F207C7E3E5A2}"
EndProject
Global
	GlobalSection(SolutionConfigurationPlatforms) = preSolution
		Debug|x64 = Debug|x64
		Debug|x86 = Debug|x86
		Release|x64 = Release|x64
		Release|x86 = Release|x86
	EndGlobalSection
	GlobalSection(ProjectConfigurationPlatforms) = postSolution
		{C2936E72-C974-4A36-BE26-19272EE12656}.Debug|x64.ActiveCfg = Debug|x64
		{C2936E72-C974-4A36-BE26-19272EE12656}.Debug|x64.Build.0 = Debug|x64
		{C2936E72-C974-4A36-BE26-19272EE12656}.Debug|x86.ActiveCfg = Debug|Win32
		{C2936E72-C974-4A36-BE26-19272EE12656}.Debug|x86.Build.0 = Debug|Win32
		{C2936E72-C974-4A36-BE26-19272EE12656}.Release|x64.ActiveCfg = Release|x64
		{C2936E72-C974-4A36-BE26-19272EE12656}.Release|x64.Build.0 = Release|x64
		{C2936E72-C974-4A36-BE26-19272EE12656}.Release|x86.ActiveCfg = Release|Win32
		{C2936E72-C974-4A36-BE26-19272EE12656}.Release|x86.Build.0 = Release|Win32
		{C951058B-AF2B-442E-8545-9F19B7F52572}.Debug|x64.ActiveCfg = Debug|x64
		{C951058B-AF2B-442E-8545-9F19B7F52572}.Debug|x64.Build.0 = Debug|x64
		{C951058B-AF2B-442E-8545-9F19B7F52572}.Debug|x86.ActiveCfg = Debug|Win32
		{C951058B-AF2B-442E-8545-9F19B7F52572}.Debug|x86.Build.0 = Debug|Win32
		{C951058B-AF2B-442E-8545-9F19B7F52572}.Release|x64.ActiveCfg = Release|x64
		{C951058B-AF2B-442E-8545-9F19B7F52572}.Release|x64.Build.0 = Release|x64
		{C951058B-AF2B-442E-8545-9F19B7F52572}.Release|x86.ActiveCfg = Release|Win32
		{C951058B-AF2B-442E-8545-9F19B7F52572}.Release|x86.Build.0 = Release|Win32
		{A4EA4F37-8045-4075-AE5B-47AAD249302C}.Debug|x64.ActiveCfg = Debug|x64
		{A4EA4F37-8045-4075-AE5B-47AAD249302C}.Debug|x64.Build.0 = Debug|x64
		{A4EA4F37-8045-4075-AE5B-47AAD249302C}.Debug|x86.ActiveCfg = Debug|Win32
		{A4EA4F37-8045-4075-AE5B-47AAD249302C}.Debug|x86.Build.0 = Debug|Win32
		{A4EA4F37-8045-4075-AE5B-47AAD249302C}.Release|x64.ActiveCfg = Release|x64
		{A4EA4F37-8045-4075-AE5B-47AAD249302C}.Release|x64.Build.0 = Release|x64
		{A4EA4F37-8045-4075-AE5B-47AAD249302C}.Release|x86.ActiveCfg = Release|Win32
		{A4EA4F37-8045-4075-AE5B-47AAD249302C}.Release|x86.Build.0 = Release|Win32
		{F1167899-7263-43B4-9DCD-EF8D45996D05}.Debug|x64.ActiveCfg = Debug|x64
		{F1167899-7263-43B4-9DCD-EF8D45996D05}.Debug|x64.Build.0 = Debug|x64
		{F1167899-7263-43B4-9DCD-EF8D45996D05}.Debug|x86.ActiveCfg = Debug|Win32
		{F1167899-7263-43B4-9DCD-EF8D45996D05}.Debug|x86.Build.0 = Debug|Win32
		{F1167899-7263-43B4-9DCD-EF8D45996D05}.Release|x64.ActiveCfg = Release|x64
		{F1167899-7263-43B4-9DCD-EF8D45996D05}.Release|x64.Build.0 = Release|x64
		{F1167899-7263-43B4-9DCD-EF8D45996D05}.Release|x86.ActiveCfg = Release|Win32
		{F1167899-7263-43B4-9DCD-EF8D45996D05}.Release|x86.Build.0 = Release|Win32
		{72190238-91C0-4DE3-B2EF-3BF1A232BC7D}.Debug|x64.ActiveCfg = Debug|x64
		{72190238-91C0-4DE3-B2EF-3BF1A232BC7D}.Debug|x64.Build.0 = Debug|x64
		{72190238-91C0-4DE3-B2EF-3BF1A232BC7D}.Debug|x86.ActiveCfg = Debug|Win32
		{72190238-91C0-4DE3-B2EF-3BF1A232BC7D}.Debug|x86.Build.0 = Debug|Win32
		{72190238-91C0-4DE3-B2EF-3BF1A232BC7D}.Release|x64.ActiveCfg = Release|x64
		{72190238-91C0-4DE3-B2EF-3BF1A232BC7D}.Release|x64.Build.0 = Release|x64
		{72190238-91C0-4DE3-B2EF-3BF1A232BC7D}.Release|x86.ActiveCfg = Release|Win32
		{72190238-91C0-4DE3-B2EF-3BF1A232BC7D}.Release|x86.Build.0 = Release|Win32
		{4138375F-D1BD-4359-92F9-E89F584F0ACA}.Debug|x64.ActiveCfg = Debug|x64
		{4138375F-D1BD-4359-92F9-E89F584F0ACA}.Debug|x64.Build.0 = Debug|x64
		{4138375F-D1BD-4359-92F9-E89F584F0ACA}.Debug|x86.ActiveCfg = Debug|Win32
		{4138375F-D1BD-4359-92F9-E89F584F0ACA}.Debug|x86.Build.0 = Debug|Win32
		{4138375F-D1BD-4359-92F9-E89F584F0ACA}.Release|x64.ActiveCfg = Release|x64
		{4138375F-D1BD-4359-92F9-E89F584F0ACA}.Release|x64.Build.0 = Release|x64
		{4138375F-D1BD-4359-92F9-E89F584F0ACA}.Release|x86.ActiveCfg = Release|Win32
		{4138375F-D1BD-4359-92F9-E89F584F0ACA}.Release|x86.Build.0 = Release|Win32
		{5D9A8749-2D28-485A-8812-DA43B5F7930B}.Debug|x64.ActiveCfg = Debug|x64
		{5D9A8749-2D28-485A-8812-DA43B5F7930B}.Debug|x64.Build.0 = Debug|x64
		{5D9A8749-2D28-485A-8812-DA43B5F7930B}.Debug|x86.ActiveCfg = Debug|Win32
		{5D9A8749-2D28-485A-8812-DA43B5F7930B}.Debug|x86.Build.0 = Debug|Win32
		{5D9A8749-2D28-485A-8812-DA43B5F7930B}.Release|x64.ActiveCfg = Release|x64
		{5D9A8749-2D28-485A-8812-DA43B5F7930B}.Release|x64.Build.0 = Release|x64
		{5D9A8749-2D28-485A-8812-DA43B5F7930B}.Release|x86.ActiveCfg = Release|Win32
		{5D9A8749-2D28-485A-8812-DA43B5F7930B}.Release|x86.Build.0 = Release|Win32
		{76AB54F8-53CD-422C-93DB-F36F568574A8}.Debug|x64.ActiveCfg = Debug|x64
		{76AB54F8-53CD-422C-93DB-F36F568574A8}.Debug|x64.Build.0 = Debug|x64
		{76AB54F8-53CD-422C-93DB-F36F568574A8}.Debug|x86.ActiveCfg = Debug|Win32
		{76AB54F8-53CD-422C-93DB-F36F568574A8}.Debug|x86.Build.0 = Debug|Win32
		{76AB54F8-53CD-422C-93DB-F36F568574A8}.Release|x64.ActiveCfg = Release|x64
		{76AB54F8-53CD-422C-93DB-F36F568574A8}.Release|x64.Build.0 = Release|x64
		{76AB54F8-53CD-422C-93DB-F36F568574A8}.Release|x86.ActiveCfg = Release|Win32
		{76AB54F8-53CD-422C-93DB-F36F568574A8}.Release|x86.Build.0 = Release|Win32
		{D1B0F53B-AB2F-4B00-A37F-B8CB0A57D7BC}.Debug|x64.ActiveCfg = Debug|x64
		{D1B0F53B-AB2F-4B00-A37F-B8CB0A57D7BC}.Debug|x64.Build.0 = Debug|x64
		{D1B0F53B-AB2F-4B00-A37F-B8CB0A57D7BC}.Debug|x86.ActiveCfg = Debug|Win32
		{D1B0F53B-AB2F-4B00-A37F-B8CB0A57D7BC}.Debug|x86.Build.0 = Debug|Win32
		{D1B0F53B-AB2F-4B00-A37F-B8CB0A57D7BC}.Release|x64.ActiveCfg = Release|x64
		{D1B0F53B-AB2F-4B00-A37F-B8CB0A57D7BC}.Release|x64.Build.0 = Release|x64
		{D1B0F53B-AB2F-4B00-A37F-B8CB0A57D7BC}.Release|x86.ActiveCfg = Release|Win32
		{D1B0F53B-AB2F-4B00-A37F-B8CB0A57D7BC}.Release|x86.Build.0 = Release|Win32
		{D798173B-7DD0-4E86-89E8-85653360121A}.Debug|x64.ActiveCfg = Debug|x64
		{D798173B-7DD0-4E86-89E8-85653360121A}.Debug|x64.Build.0 = Debug|x64
		{D798173B-7DD0-4E86-89E8-85653360121A}.Debug|x86.ActiveCfg = Debug|Win32
		{D798173B-7DD0-4E86-89E8-85653360121A}.Debug|x86.Build.0 = Debug|Win32
		{D798173B-7DD0-4E86-89E8-85653360121A}.Release|x64.ActiveCfg = Release|x64
		{D798173B-7DD0-4E86-89E8-85653360121A}.Release|x64.Build.0 = Release|x64
		{D798173B-7DD0-4E86-89E8-85653360121A}.Release|x86.ActiveCfg = Release|Win32
		{D798173B-7DD0-4E86-89E8-85653360121A}.Release|x86.Build.0 = Release|Win32
		{5A710107-D83F-4311-AB41-A39E799997D5}.Debug|x64.ActiveCfg = Debug|x64
		{5A710107-D83F-4311-AB41-A39E799997D5}.Debug|x64.Build.0 = Debug|x64
		{5A710107-D83F-4311-AB41-A39E799997D5}.Debug|x86.ActiveCfg = Debug|Win32
		{5A710107-D83F-4311-AB41-A39E799997D5}.Debug|x86.Build.0 = Debug|Win32
		{5A710107-D83F-4311-AB41-A39E799997D5}.Release|x64.ActiveCfg = Release|x64
		{5A710107-D83F-4311-AB41-A39E799997D5}.Release|x64.Build.0 = Release|x64
		{5A710107-D83F-4311-AB41-A39E799997D5}.Release|x86.ActiveCfg = Release|Win32
		{5A710107-D83F-4311-AB41-A39E799997D5}.Release|x86.Build.0 = Release|Win32
		{6FE18CDE-53E5-4DEC-91BF-6017C547A129}.Debug|x64.ActiveCfg = Debug|x64
		{6FE18CDE-53E5-4DEC-91BF-6017C547A129}.Debug|x64.Build.0 = Debug|x64
		{6FE18CDE-53E5-4DEC-91BF-6017C547A129}.Debug|x86.ActiveCfg = Debug|Win32
		{6FE18CDE-53E5-4DEC-91BF-6017C547A129}.Debug|x86.Build.0 = Debug|Win32
		{6FE18CDE-53E5-4DEC-91BF-6017C547A129}.Release|x64.ActiveCfg = Release|x64
		{6FE18CDE-53E5-4DEC-91BF-6017C547A129}.Release|x64.Build.0 = Release|x64
		{6FE18CDE-53E5-4DEC-91BF-6017C547A129}.Release|x86.ActiveCfg = Release|Win32
		{6FE18CDE-53E5-4DEC-91BF-6017C547A129}.Release|x86.Build.0 = Release|Win32
		{37DF82F8-361B-4C59-A8D7-BD2D500EE99D}.Debug|x64.ActiveCfg = Debug|x64
		{37DF82F8-361B-4C59-A8D7-BD2D500EE99D}.Debug|x64.Build.0 = Debug|x64
		{37DF82F8-361B-4C59-A8D7-BD2D500EE99D}.Debug|x86.ActiveCfg = Debug|Win32
		{37DF82F8-361B-4C59-A8D7-BD2D500EE99D}.Debug|x86.Build.0 = Debug|Win32
		{37DF82F8-361B-4C59-A8D7-BD2D500EE99D}.Release|x64.ActiveCfg = Release|x64
		{37DF82F8-361B-4C59-A8D7-BD2D500EE99D}.Release|x64.Build.0 = Release|x64
		{37DF82F8-361B-4C59-A8D7-BD2D500EE99D}.Release|x86.ActiveCfg = Release|Win32
		{37DF82F8-361B-4C59-A8D7-BD2D500EE99D}.Release|x86.Build.0 = Release|Win32
		{13ED1F04-E207-4CDA-AC20-F00A55BCD0E6}.Debug|x64.ActiveCfg = Debug|x64
		{13ED1F04-E207-4CDA-AC20-F00A55BCD0E6}.Debug|x64.Build.0 = Debug|x64
		{13ED1F04-E207-4CDA-AC20-F00A55BCD0E6}.Debug|x86.ActiveCfg = Debug|Win32
		{13ED1F04-E207-4CDA-AC20-F00A55BCD0E6}.Debug|x86.Build.0 = Debug|Win32
		{13ED1F04-E207-4CDA-AC20-F00A55BCD0E6}.Release|x64.ActiveCfg = Release|x64
		{13ED1F04-E207-4CDA-AC20-F00A55BCD0E6}.Release|x64.Build.0 = Release|x64
		{13ED1F04-E207-4CDA-AC20-F00A55BCD0E6}.Release|x86.ActiveCfg = Release|Win32
		{13ED1F04-E207-4CDA-AC20-F00A55BCD0E6}.Release|x86.Build.0 = Release|Win32
		{F14B0850-9034-4973-8C5B-08E743268D3E}.Debug|x64.ActiveCfg = Debug|x64
		{F14B0850-9034-4973-8C5B-08E743268D3E}.Debug|x64.Build.0 = Debug|x64
		{F14B0850-9034-4973-8C5B-08E743268D3E}.Debug|x86.ActiveCfg = Debug|Win32
		{F14B0850-9034-4973-8C5B-08E743268D3E}.Debug|x86.Build.0 = Debug|Win32
		{F14B0850-9034-4973-8C5B-08E743268D3E}.Release|x64.ActiveCfg = Release|x64
		{F14B0850-9034-4973-8C5B-08E743268D3E}.Release|x64.Build.0 = Release|x64
		{F14B0850-9034-4973-8C5B-08E743268D3E}.Release|x86.ActiveCfg = Release|Win32
		{F14B0850-9034-4973-8C5B-08E743268D3E}.Release|x86.Build.0 = Release|Win32
		{2D24A4A2-017F-4B45-AAAA-96DD7ADE2FE2}.Debug|x64.ActiveCfg = Debug|x64
		{2D24A4A2-017F-4B45-AAAA-96DD7ADE2FE2}.Debug|x64.Build.0 = Debug|x64
		{2D24A4A2-017F-4B45-AAAA-96DD7ADE2FE2}.Debug|x86.ActiveCfg = Debug|Win32
		{2D24A4A2-017F-4B45-AAAA-96DD7ADE2FE2}.Debug|x86.Build.0 = Debug|Win32
		{2D24A4A2-017F-4B45-AAAA-96DD7ADE2FE2}.Release|x64.ActiveCfg = Release|x64
		{2D24A4A2-017F-4B45-AAAA-96DD7ADE2FE2}.Release|x64.Build.0 = Release|x64
		{2D24A4A2-017F-4B45-AAAA-96DD7ADE2FE2}.Release|x86.ActiveCfg = Release|Win32
		{2D24A4A2-017F-4B45-AAAA-96DD7ADE2FE2}.Release|x86.Build.0 = Release|Win32
		{19B3F9DD-4989-478F-9B82-5D7EB5E01A92}.Debug|x64.ActiveCfg = Debug|x64
		{19B3F9DD-4989-478F-9B82-5D7EB5E01A92}.Debug|x64.Build.0 = Debug|x64
		{19B3F9DD-4989-478F-9B82-5D7EB5E01A92}.Debug|x86.ActiveCfg = Debug|Win32
		{19B3F9DD-4989-478F-9B82-5D7EB5E01A92}.Debug|x86.Build.0 = Debug|Win32
		{19B3F9DD-4989-478F-9B82-5D7EB5E01A92}.Release|x64.ActiveCfg = Release|x64
		{19B3F9DD-4989-478F-9B82-5D7EB5E01A92}.Release|x64.Build.0 = Release|x64
		{19B3F9DD-4989-478F-9B82-5D7EB5E01A92}.Release|x86.ActiveCfg = Release|Win32
		{19B3F9DD-4989-478F-9B82-5D7EB5E01A92}.Release|x86.Build.0 = Release|Win32
		{36B7C3F2-EBF7-46F8-B3B0-3E56D9C4DE8E}.Debug|x64.ActiveCfg = Debug|x64
		{36B7C3F2-EBF7-46F8-B3B0-3E56D9C4DE8E}.Debug|x64.Build.0 = Debug|x64
		{36B7C3F2-EBF7-46F8-B3B0-3E56D9C4DE8E}.Debug|x86.ActiveCfg = Debug|Win32
		{36B7C3F2-EBF7-46F8-B3B0-3E56D9C4DE8E}.Debug|x86.Build.0 = Debug|Win32
		{36B7C3F2-EBF7-46F8-B3B0-3E56D9C4DE8E}.Release|x64.ActiveCfg = Release|x64
		{36B7C3F2-EBF7-46F8-B3B0-3E56D9C4DE8E}.Release|x64.Build.0 = Release|x64
		{36B7C3F2-EBF7-46F8-B3B0-3E56D9C4DE8E}.Release|x86.ActiveCfg = Release|Win32
		{36B7C3F2-EBF7-46F8-B3B0-3E56D9C4DE8E}.Release|x86.Build.0 = Release|Win32
		{CCE984D6-9A4D-4E37-9870-BFE16FA0158F}.Debug|x64.ActiveCfg = Debug|x64
		{CCE984D6-9A4D-4E37-9870-BFE16FA0158F}.Debug|x64.Build.0 = Debug|x64
		{CCE984D6-9A4D-4E37-9870-BFE16FA0158F}.Debug|x86.ActiveCfg = Debug|Win32
		{CCE984D6-9A4D-4E37-9870-BFE16FA0158F}.Debug|x86.Build.0 = Debug|Win32
		{CCE984D6-9A4D-4E37-9870-BFE16FA0158F}.Release|x64.ActiveCfg = Release|x64
		{CCE984D6-9A4D-4E37-9870-BFE16FA0158F}.Release|x64.Build.0 = Release|x64
		{CCE984D6-9A4D-4E37-9870-BFE16FA0158F}.Release|x86.ActiveCfg = Release|Win32
		{CCE984D6-9A4D-4E37-9870-BFE16FA0158F}.Release|x86.Build.0 = Release|Win32
		{04B623EA-6943-48AC-AC2B-8AD276EBC3C2}.Debug|x64.ActiveCfg = Debug|x64
		{04B623EA-6943-48AC-AC2B-8AD276EBC3C2}.Debug|x64.Build.0 = Debug|x64
		{04B623EA-6943-48AC-AC2B-8AD276EBC3C2}.Debug|x86.ActiveCfg = Debug|Win32
		{04B623EA-6943-48AC-AC2B-8AD276EBC3C2}.Debug|x86.Build.0 = Debug|Win32
		{04B623EA-6943-48AC-AC2B-8AD276EBC3C2}.Release|x64.ActiveCfg = Release|x64
		{04B623EA-6943-48AC-AC2B-8AD276EBC3C2}.Release|x64.Build.0 = Release|x64
		{04B623EA-6943-48AC-AC2B-8AD276EBC3C2}.Release|x86.ActiveCfg = Release|Win32
		{04B623EA-6943-48AC-AC2B-8AD276EBC3C2}.Release|x86.Build.0 = Release|Win32
		{DB953040-9BB8-4250-837B-DF28B9ECC5B6}.Debug|x64.ActiveCfg = Debug|x64
		{DB953040-9BB8-4250-837B-DF28B9ECC5B6}.Debug|x64.Build.0 = Debug|x64
		{DB953040-9BB8-4250-837B-DF28B9ECC5B6}.Debug|x86.ActiveCfg = Debug|Win32
		{DB953040-9BB8-4250-837B-DF28B9ECC5B6}.Debug|x86.Build.0 = Debug|Win32
		{DB953040-9BB8-4250-837B-DF28B9ECC5B6}.Release|x64.ActiveCfg = Release|x64
		{DB953040-9BB8-4250-837B-DF28B9ECC5B6}.Release|x64.Build.0 = Release|x64
		{DB953040-9BB8-4250-837B-DF28B9ECC5B6}.Release|x86.ActiveCfg = Release|Win32
		{DB953040-9BB8-4250-837B-DF28B9ECC5B6}.Release|x86.Build.0 = Release|Win32
		{2E3DF356-0F56-4B32-B911-C96CE2D61F18}.Debug|x64.ActiveCfg = Debug|x64
		{2E3DF356-0F56-4B32-B911-C96CE2D61F18}.Debug|x64.Build.0 = Debug|x64
		{2E3DF356-0F56-4B32-B911-C96CE2D61F18}.Debug|x86.ActiveCfg = Debug|Win32
		{2E3DF356-0F56-4B32-B911-C96CE2D61F18}.Debug|x86.Build.0 = Debug|Win32
		{2E3DF356-0F56-4B32-B911-C96CE2D61F18}.Release|x64.ActiveCfg = Release|x64
		{2E3DF356-0F56-4B32-B911-C96CE2D61F18}.Release|x64.Build.0 = Release|x64
		{2E3DF356-0F56-4B32-B911-C96CE2D61F18}.Release|x86.ActiveCfg = Release|Win32
		{2E3DF356-0F56-4B32-B911-C96CE2D61F18}.Release|x86.Build.0 = Release|Win32
		{5DC36F73-F944-4C96-BCE4-AC09792F04C8}.Debug|x64.ActiveCfg = Debug|x64
		{5DC36F73-F944-4C96-BCE4-AC09792F04C8}.Debug|x64.Build.0 = Debug|x64
		{5DC36F73-F944-4C96-BCE4-AC09792F04C8}.Debug|x86.ActiveCfg = Debug|Win32
		{5DC36F73-F944-4C96-BCE4-AC09792F04C8}.Debug|x86.Build.0 = Debug|Win32
		{5DC36F73-F944-4C96-BCE4-AC09792F04C8}.Release|x64.ActiveCfg = Release|x64
		{5DC36F73-F944-4C96-BCE4-AC09792F04C8}.Release|x64.Build.0 = Release|x64
		{5DC36F73-F944-4C96-BCE4-AC09792F04C8}.Release|x86.ActiveCfg = Release|Win32
		{5DC36F73-F944-4C96-BCE4-AC09792F04C8}.Release|x86.Build.0 = Release|Win32
		{F15A1CBD-73A8-4CEA-ACB8-899A2025AACE}.Debug|x64.ActiveCfg = Debug|x64
		{F15A1CBD-73A8-4CEA-ACB8-899A2025AACE}.Debug|x64.Build.0 = Debug|x64
		{F15A1CBD-73A8-4CEA-ACB8-899A2025AACE}.Debug|x86.ActiveCfg = Debug|Win32
		{F15A1CBD-73A8-4CEA-ACB8-899A2025AACE}.Debug|x86.Build.0 = Debug|Win32
		{F15A1CBD-73A8-4CEA-ACB8-899A2025AACE}.Release|x64.ActiveCfg = Release|x64
		{F15A1CBD-73A8-4CEA-ACB8-899A2025AACE}.Release|x64.Build.0 = Release|x64
		{F15A1CBD-73A8-4CEA-ACB8-899A2025AACE}.Release|x86.ActiveCfg = Release|Win32
		{F15A1CBD-73A8-4CEA-ACB8-899A2025AACE}.Release|x86.Build.0 = Release|Win32
		{F3BD8D93-AB21-4D8C-93F6-58F1D9F4914D}.Debug|x64.ActiveCfg = Debug|x64
		{F3BD8D93-AB21-4D8C-93F6-58F1D9F4914D}.Debug|x64.Build.0 = Debug|x64
		{F3BD8D93-AB21-4D8C-93F6-58F1D9F4914D}.Debug|x86.ActiveCfg = Debug|Win32
		{F3BD8D93-AB21-4D8C-93F6-58F1D9F4914D}.Debug|x86.Build.0 = Debug|Win32
		{F3BD8D93-AB21-4D8C-93F6-58F1D9F4914D}.Release|x64.ActiveCfg = Release|x64
		{F3BD8D93-AB21-4D8C-93F6-58F1D9F4914D}.Release|x64.Build.0 = Release|x64
		{F3BD8D93-AB21-4D8C-93F6-58F1D9F4914D}.Release|x86.ActiveCfg = Release|Win32
		{F3BD8D93-AB21-4D8C-93F6-58F1D9F4914D}.Release|x86.Build.0 = Release|Win32
		{2FD586B4-DDD9-4D34-A53D-4FCB3D2F8653}.Debug|x64.ActiveCfg = Debug|x64
		{2FD586B4-DDD9-4D34-A53D-4FCB3D2F8653}.Debug|x64.Build.0 = Debug|x64
		{2FD586B4-DDD9-4D34-A53D-4FCB3D2F8653}.Debug|x86.ActiveCfg = Debug|Win32
		{2FD586B4-DDD9-4D34-A53D-4FCB3D2F8653}.Debug|x86.Build.0 = Debug|Win32
		{2FD586B4-DDD9-4D34-A53D-4FCB3D2F8653}.Release|x64.ActiveCfg = Release|x64
		{2FD586B4-DDD9-4D34-A53D-4FCB3D2F8653}.Release|x64.Build.0 = Release|x64
		{2FD586B4-DDD9-4D34-A53D-4FCB3D2F8653}.Release|x86.ActiveCfg = Release|Win32
		{2FD586B4-DDD9-4D34-A53D-4FCB3D2F8653}.Release|x86.Build.0 = Release|Win32
		{281A2D65-72EC-48DA-8299-4477E12CA044}.Debug|x64.ActiveCfg = Debug|x64
		{281A2D65-72EC-48DA-8299-4477E12CA044}.Debug|x64.Build.0 = Debug|x64
		{281A2D65-72EC-48DA-8299-4477E12CA044}.Debug|x86.ActiveCfg = Debug|Win32
		{281A2D65-72EC-48DA-8299-4477E12CA044}.Debug|x86.Build.0 = Debug|Win32
		{281A2D65-72EC-48DA-8299-4477E12CA044}.Release|x64.ActiveCfg = Release|x64
		{281A2D65-72EC-48DA-8299-4477E12CA044}.Release|x64.Build.0 = Release|x64
		{281A2D65-72EC-48DA-8299-4477E12CA044}.Release|x86.ActiveCfg = Release|Win32
		{281A2D65-72EC-48DA-8299-4477E12CA044}.Release|x86.Build.0 = Release|Win32
		{E5BD8F54-EF93-44B3-BFB5-47538C9D2286}.Debug|x64.ActiveCfg = Debug|x64
		{E5BD8F54-EF93-44B3-BFB5-47538C9D2286}.Debug|x64.Build.0 = Debug|x64
		{E5BD8F54-EF93-44B3-BFB5-47538C9D2286}.Debug|x86.ActiveCfg = Debug|Win32
		{E5BD8F54-EF93-44B3-BFB5-47538C9D2286}.Debug|x86.Build.0 = Debug|Win32
		{E5BD8F54-EF93-44B3-BFB5-47538C9D2286}.Release|x64.ActiveCfg = Release|x64
		{E5BD8F54-EF93-44B3-BFB5-47538C9D2286}.Release|x64.Build.0 = Release|x64
		{E5BD8F54-EF93-44B3-BFB5-47538C9D2286}.Release|x86.ActiveCfg = Release|Win32
		{E5BD8F54-EF93-44B3-BFB5-47538C9D2286}.Release|x86.Build.0 = Release|Win32
		{D33181C2-F331-4B7A-937E-6EC9895642A3}.Debug|x64.ActiveCfg = Debug|x64
		{D33181C2-F331-4B7A-937E-6EC9895642A3}.Debug|x64.Build.0 = Debug|x64
		{D33181C2-F331-4B7A-937E-6EC9895642A3}.Debug|x86.ActiveCfg = Debug|Win32
		{D33181C2-F331-4B7A-937E-6EC9895642A3}.Debug|x86.Build.0 = Debug|Win32
		{D33181C2-F331-4B7A-937E-6EC9895642A3}.Release|x64.ActiveCfg = Release|x64
		{D33181C2-F331-4B7A-937E-6EC9895642A3}.Release|x64.Build.0 = Release|x64
		{D33181C2-F331-4B7A-937E-6EC9895642A3}.Release|x86.ActiveCfg = Release|Win32
		{D33181C2-F331-4B7A-937E-6EC9895642A3}.Release|x86.Build.0 = Release|Win32
		{54487F81-F4B3-459A-97A6-618F1DC7DEAE}.Debug|x64.ActiveCfg = Debug|x64
		{54487F81-F4B3-459A-97A6-618F1DC7DEAE}.Debug|x64.Build.0 = Debug|x64
		{54487F81-F4B3-459A-97A6-618F1DC7DEAE}.Debug|x86.ActiveCfg = Debug|Win32
		{54487F81-F4B3-459A-97A6-618F1DC7DEAE}.Debug|x86.Build.0 = Debug|Win32
		{54487F81-F4B3-459A-97A6-618F1DC7DEAE}.Release|x64.ActiveCfg = Release|x64
		{54487F81-F4B3-459A-97A6-618F1DC7DEAE}.Release|x64.Build.0 = Release|x64
		{54487F81-F4B3-459A-97A6-618F1DC7DEAE}.Release|x86.ActiveCfg = Release|Win32
		{54487F81-F4B3-459A-97A6-618F1DC7DEAE}.Release|x86.Build.0 = Release|Win32
		{03ECF119-B434-425F-8AB4-57E0C5E37563}.Debug|x64.ActiveCfg = Debug|x64
		{03ECF119-B434-425F-8AB4-57E0C5E37563}.Debug|x64.Build.0 = Debug|x64
		{03ECF119-B434-425F-8AB4-57E0C5E37563}.Debug|x86.ActiveCfg = Debug|Win32
		{03ECF119-B434-425F-8AB4-57E0C5E37563}.Debug|x86.Build.0 = Debug|Win32
		{03ECF119-B434-425F-8AB4-57E0C5E37563}.Release|x64.ActiveCfg = Release|x64
		{03ECF119-B434-425F-8AB4-57E0C5E37563}.Release|x64.Build.0 = Release|x64
		{03ECF119-B434-425F-8AB4-57E0C5E37563}.Release|x86.ActiveCfg = Release|Win32
		{03ECF119-B434-425F-8AB4-57E0C5E37563}.Release|x86.Build.0 = Release|Win32
		{E590C991-4753-48B7-B65A-E0059E66215A}.Debug|x64.ActiveCfg = Debug|x64
		{E590C991-4753-48B7-B65A-E0059E66215A}.Debug|x64.Build.0 = Debug|x64
		{E590C991-4753-48B7-B65A-E0059E66215A}.Debug|x86.ActiveCfg = Debug|Win32
		{E590C991-4753-48B7-B65A-E0059E66215A}.Debug|x86.Build.0 = Debug|Win32
		{E590C991-4753-48B7-B65A-E0059E66215A}.Release|x64.ActiveCfg = Release|x64
		{E590C991-4753-48B7-B65A-E0059E66215A}.Release|x64.Build.0 = Release|x64
		{E590C991-4753-48B7-B65A-E0059E66215A}.Release|x86.ActiveCfg = Release|Win32
		{E590C991-4753-48B7-B65A-E0059E66215A}.Release|x86.Build.0 = Release|Win32
		{DC551CE9-26C5-4A56-AD2F-E84FF8FCC0CD}.Debug|x64.ActiveCfg = Debug|x64
		{DC551CE9-26C5-4A56-AD2F-E84FF8FCC0CD}.Debug|x64.Build.0 = Debug|x64
		{DC551CE9-26C5-4A56-AD2F-E84FF8FCC0CD}.Debug|x86.ActiveCfg = Debug|Win32
		{DC551CE9-26C5-4A56-AD2F-E84FF8FCC0CD}.Debug|x86.Build.0 = Debug|Win32
		{DC551CE9-26C5-4A56-AD2F-E84FF8FCC0CD}.Release|x64.ActiveCfg = Release|x64
		{DC551CE9-26C5-4A56-AD2F-E84FF8FCC0CD}.Release|x64.Build.0 = Release|x64
		{DC551CE9-26C5-4A56-AD2F-E84FF8FCC0CD}.Release|x86.ActiveCfg = Release|Win32
		{DC551CE9-26C5-4A56-AD2F-E84FF8FCC0CD}.Release|x86.Build.0 = Release|Win32
		{D5DA2153-BB42-4006-87F2-6A5AEED1FB56}.Debug|x64.ActiveCfg = Debug|x64
		{D5DA2153-BB42-4006-87F2-6A5AEED1FB56}.Debug|x64.Build.0 = Debug|x64
		{D5DA2153-BB42-4006-87F2-6A5AEED1FB56}.Debug|x86.ActiveCfg = Debug|Win32
		{D5DA2153-BB42-4006-87F2-6A5AEED1FB56}.Debug|x86.Build.0 = Debug|Win32
		{D5DA2153-BB42-4006-87F2-6A5AEED1FB56}.Release|x64.ActiveCfg = Release|x64
		{D5DA2153-BB42-4006-87F2-6A5AEED1FB56}.Release|x64.Build.0 = Release|x64
		{D5DA2153-BB42-4006-87F2-6A5AEED1FB56}.Release|x86.ActiveCfg = Release|Win32
		{D5DA2153-BB42-4006-87F2-6A5AEED1FB56}.Release|x86.Build.0 = Release|Win32
		{EE8671C1-C10D-4CA2-AF08-E0E245B99F72}.Debug|x64.ActiveCfg = Debug|x64
		{EE8671C1-C10D-4CA2-AF08-E0E245B99F72}.Debug|x64.Build.0 = Debug|x64
		{EE8671C1-C10D-4CA2-AF08-E0E245B99F72}.Debug|x86.ActiveCfg = Debug|Win32
		{EE8671C1-C10D-4CA2-AF08-E0E245B99F72}.Debug|x86.Build.0 = Debug|Win32
		{EE8671C1-C10D-4CA2-AF08-E0E245B99F72}.Release|x64.ActiveCfg = Release|x64
		{EE8671C1-C10D-4CA2-AF08-E0E245B99F72}.Release|x64.Build.0 = Release|x64
		{EE8671C1-C10D-4CA2-AF08-E0E245B99F72}.Release|x86.ActiveCfg = Release|Win32
		{EE8671C1-C10D-4CA2-AF08-E0E245B99F72}.Release|x86.Build.0 = Release|Win32
		{ACED70DF-7530-40F6-91A2-F40B270FC315}.Debug|x64.ActiveCfg = Debug|x64
		{ACED70DF-7530-40F6-91A2-F40B270FC315}.Debug|x64.Build.0 = Debug|x64
		{ACED70DF-7530-40F6-91A2-F40B270FC315}.Debug|x86.ActiveCfg = Debug|Win32
		{ACED70DF-7530-40F6-91A2-F40B270FC315}.Debug|x86.Build.0 = Debug|Win32
		{ACED70DF-7530-40F6-91A2-F40B270FC315}.Release|x64.ActiveCfg = Release|x64
		{ACED70DF-7530-40F6-91A2-F40B270FC315}.Release|x64.Build.0 = Release|x64
		{ACED70DF-7530-40F6-91A2-F40B270FC315}.Release|x86.ActiveCfg = Release|Win32
		{ACED70DF-7530-40F6-91A2-F40B270FC315}.Release|x86.Build.0 = Release|Win32
		{BD81522D-6028-4657-B6BA-0E6EAD20BD0D}.Debug|x64.ActiveCfg = Debug|x64
		{BD81522D-6028-4657-B6BA-0E6EAD20BD0D}.Debug|x64.Build.0 = Debug|x64
		{BD81522D-6028-4657-B6BA-0E6EAD20BD0D}.Debug|x86.ActiveCfg = Debug|Win32
		{BD81522D-6028-4657-B6BA-0E6EAD20BD0D}.Debug|x86.Build.0 = Debug|Win32
		{BD81522D-6028-4657-B6BA-0E6EAD20BD0D}.Release|x64.ActiveCfg = Release|x64
		{BD81522D-6028-4657-B6BA-0E6EAD20BD0D}.Release|x64.Build.0 = Release|x64
		{BD81522D-6028-4657-B6BA-0E6EAD20BD0D}.Release|x86.ActiveCfg = Release|Win32
		{BD81522D-6028-4657-B6BA-0E6EAD20BD0D}.Release|x86.Build.0 = Release|Win32
		{BDB6B2D6-1FA0-407C-9B88-A4AC5FA21F4A}.Debug|x64.ActiveCfg = Debug|x64
		{BDB6B2D6-1FA0-407C-9B88-A4AC5FA21F4A}.Debug|x64.Build.0 = Debug|x64
		{BDB6B2D6-1FA0-407C-9B88-A4AC5FA21F4A}.Debug|x86.ActiveCfg = Debug|Win32
		{BDB6B2D6-1FA0-407C-9B88-A4AC5FA21F4A}.Debug|x86.Build.0 = Debug|Win32
		{BDB6B2D6-1FA0-407C-9B88-A4AC5FA21F4A}.Release|x64.ActiveCfg = Release|x64
		{BDB6B2D6-1FA0-407C-9B88-A4AC5FA21F4A}.Release|x64.Build.0 = Release|x64
		{BDB6B2D6-1FA0-407C-9B88-A4AC5FA21F4A}.Release|x86.ActiveCfg = Release|Win32
		{BDB6B2D6-1FA0-407C-9B88-A4AC5FA21F4A}.Release|x86.Build.0 = Release|Win32
		{15B2E597-6755-4DA3-BEFF-91714A240BD8}.Debug|x64.ActiveCfg = Debug|x64
		{15B2E597-6755-4DA3-BEFF-91714A240BD8}.Debug|x64.Build.0 = Debug|x64
		{15B2E597-6755-4DA3-BEFF-91714A240BD8}.Debug|x86.ActiveCfg = Debug|Win32
		{15B2E597-6755-4DA3-BEFF-91714A240BD8}.Debug|x86.Build.0 = Debug|Win32
		{15B2E597-6755-4DA3-BEFF-91714A240BD8}.Release|x64.ActiveCfg = Release|x64
		{15B2E597-6755-4DA3-BEFF-91714A240BD8}.Release|x64.Build.0 = Release|x64
		{15B2E597-6755-4DA3-BEFF-91714A240BD8}.Release|x86.ActiveCfg = Release|Win32
		{15B2E597-6755-4DA3-BEFF-91714A240BD8}.Release|x86.Build.0 = Release|Win32
		{B32028BE-2803-46B0-A344-876611F29877}.Debug|x64.ActiveCfg = Debug|x64
		{B32028BE-2803-46B0-A344-876611F29877}.Debug|x64.Build.0 = Debug|x64
		{B32028BE-2803-46B0-A344-876611F29877}.Debug|x86.ActiveCfg = Debug|Win32
		{B32028BE-2803-46B0-A344-876611F29877}.Debug|x86.Build.0 = Debug|Win32
		{B32028BE-2803-46B0-A344-876611F29877}.Release|x64.ActiveCfg = Release|x64
		{B32028BE-2803-46B0-A344-876611F29877}.Release|x64.Build.0 = Release|x64
		{B32028BE-2803-46B0-A344-876611F29877}.Release|x86.ActiveCfg = Release|Win32
		{B32028BE-2803-46B0-A344-876611F29877}.Release|x86.Build.0 = Release|Win32
		{BFA3DEE7-6539-4777-A533-827D1597B45C}.Debug|x64.ActiveCfg = Debug|x64
		{BFA3DEE7-6539-4777-A533-827D1597B45C}.Debug|x64.Build.0 = Debug|x64
		{BFA3DEE7-6539-4777-A533-827D1597B45C}.Debug|x86.ActiveCfg = Debug|Win32
		{BFA3DEE7-6539-4777-A533-827D1597B45C}.Debug|x86.Build.0 = Debug|Win32
		{BFA3DEE7-6539-4777-A533-827D1597B45C}.Release|x64.ActiveCfg = Release|x64
		{BFA3DEE7-6539-4777-A533-827D1597B45C}.Release|x64.Build.0 = Release|x64
		{BFA3DEE7-6539-4777-A533-827D1597B45C}.Release|x86.ActiveCfg = Release|Win32
		{BFA3DEE7-6539-4777-A533-827D1597B45C}.Release|x86.Build.0 = Release|Win32
		{8C56CAE6-0CC2-4A04-B2CE-79A496F093D7}.Debug|x64.ActiveCfg = Debug|x64
		{8C56CAE6-0CC2-4A04-B2CE-79A496F093D7}.Debug|x64.Build.0 = Debug|x64
		{8C56CAE6-0CC2-4A04-B2CE-79A496F093D7}.Debug|x86.ActiveCfg = Debug|Win32
		{8C56CAE6-0CC2-4A04-B2CE-79A496F093D7}.Debug|x86.Build.0 = Debug|Win32
		{8C56CAE6-0CC2-4A04-B2CE-79A496F093D7}.Release|x64.ActiveCfg = Release|x64
		{8C56CAE6-0CC2-4A04-B2CE-79A496F093D7}.Release|x64.Build.0 = Release|x64
		{8C56CAE6-0CC2-4A04-B2CE-79A496F093D7}.Release|x86.ActiveCfg = Release|Win32
		{8C56CAE6-0CC2-4A04-B2CE-79A496F093D7}.Release|x86.Build.0 = Release|Win32
		{D166F205-B95A-4566-9040-10B0E1FC8132}.Debug|x64.ActiveCfg = Debug|x64
		{D166F205-B95A-4566-9040-10B0E1FC8132}.Debug|x64.Build.0 = Debug|x64
		{D166F205-B95A-4566-9040-10B0E1FC8132}.Debug|x86.ActiveCfg = Debug|Win32
		{D166F205-B95A-4566-9040-10B0E1FC8132}.Debug|x86.Build.0 = Debug|Win32
		{D166F205-B95A-4566-9040-10B0E1FC8132}.Release|x64.ActiveCfg = Release|x64
		{D166F205-B95A-4566-9040-10B0E1FC8132}.Release|x64.Build.0 = Release|x64
		{D166F205-B95A-4566-9040-10B0E1FC8132}.Release|x86.ActiveCfg = Release|Win32
		{D166F205-B95A-4566-9040-10B0E1FC8132}.Release|x86.Build.0 = Release|Win32
		{BDF99993-E0A2-482C-ADAD-55C98D2BF6BE}.Debug|x64.ActiveCfg = Debug|x64
		{BDF99993-E0A2-482C-ADAD-55C98D2BF6BE}.Debug|x64.Build.0 = Debug|x64
		{BDF99993-E0A2-482C-ADAD-55C98D2BF6BE}.Debug|x86.ActiveCfg = Debug|Win32
		{BDF99993-E0A2-482C-ADAD-55C98D2BF6BE}.Debug|x86.Build.0 = Debug|Win32
		{BDF99993-E0A2-482C-ADAD-55C98D2BF6BE}.Release|x64.ActiveCfg = Release|x64
		{BDF99993-E0A2-482C-ADAD-55C98D2BF6BE}.Release|x64.Build.0 = Release|x64
		{BDF99993-E0A2-482C-ADAD-55C98D2BF6BE}.Release|x86.ActiveCfg = Release|Win32
		{BDF99993-E0A2-482C-ADAD-55C98D2BF6BE}.Release|x86.Build.0 = Release|Win32
		{90C7AA27-B394-4E19-9AF1-B8C0F4A1B8CE}.Debug|x64.ActiveCfg = Debug|x64
		{90C7AA27-B394-4E19-9AF1-B8C0F4A1B8CE}.Debug|x64.Build.0 = Debug|x64
		{90C7AA27-B394-4E19-9AF1-B8C0F4A1B8CE}.Debug|x86.ActiveCfg = Debug|Win32
		{90C7AA27-B394-4E19-9AF1-B8C0F4A1B8CE}.Debug|x86.Build.0 = Debug|Win32
		{90C7AA27-B394-4E19-9AF1-B8C0F4A1B8CE}.Release|x64.ActiveCfg = Release|x64
		{90C7AA27-B394-4E19-9AF1-B8C0F4A1B8CE}.Release|x64.Build.0 = Release|x64
		{90C7AA27-B394-4E19-9AF1-B8C0F4A1B8CE}.Release|x86.ActiveCfg = Release|Win32
		{90C7AA27-B394-4E19-9AF1-B8C0F4A1B8CE}.Release|x86.Build.0 = Release|Win32
		{24CB94E7-E351-4A24-B4B0-F207C7E3E5A2}.Debug|x64.ActiveCfg = Debug|x64
		{24CB94E7-E351-4A24-B4B0-F207C7E3E5A2}.Debug|x64.Build.0 = Debug|x64
		{24CB94E7-E351-4A24-B4B0-F207C7E3E5A2}.Debug|x86.ActiveCfg = Debug|Win32
		{24CB94E7-E351-4A24-B4B0-F207C7E3E5A2}.Debug|x86.Build.0 = Debug|Win32
		{24CB94E7-E351-4A24-B4B0-F207C7E3E5A2}.Release|x64.ActiveCfg = Release|x64
		{24CB94E7-E351-4A24-B4B0-F207C7E3E5A2}.Release|x64.Build.0 = Release|x64
		{24CB94E7-E351-4A24-B4B0-F207C7E3E5A2}.Release|x86.ActiveCfg = Release|Win32
		{24CB94E7-E351-4A24-B4B0-F207C7E3E5A2}.Release|x86.Build.0 = Release|Win32
	EndGlobalSection
	GlobalSection(SolutionProperties) = preSolution
		HideSolutionNode = FALSE
	EndGlobalSection
	GlobalSection(ExtensibilityGlobals) = postSolution
		SolutionGuid = {8608F586-9D1F-49AC-AC96-C5CC2C9F56C8}
	EndGlobalSection
EndGlobal
